
Microsoft Visual Studio Solution File, Format Version 12.00
# Visual Studio Version 16
VisualStudioVersion = 16.0.30114.105
MinimumVisualStudioVersion = 10.0.40219.1
Project("{FAE04EC0-301F-11D3-BF4B-00C04F79EFBC}") = "Credito", "Credito\Credito.csproj", "{51907C82-2C65-4363-A2D5-E0F6AEDBFD01}"
EndProject
Project("{FAE04EC0-301F-11D3-BF4B-00C04F79EFBC}") = "Logica", "Logica\Logica.csproj", "{3CCE1B9A-62FD-41D2-8477-2A4EF0FE21E4}"
EndProject
Project("{FAE04EC0-301F-11D3-BF4B-00C04F79EFBC}") = "Datos", "Datos\Datos.csproj", "{51CAF1CF-796C-4914-90AA-ED82CDE3B47B}"
EndProject
Project("{FAE04EC0-301F-11D3-BF4B-00C04F79EFBC}") = "Entidad", "Entidad\Entidad.csproj", "{7E9FD636-AF22-4443-A6EA-CF40BE02BE6E}"
EndProject
Global
	GlobalSection(SolutionConfigurationPlatforms) = preSolution
		Debug|Any CPU = Debug|Any CPU
		Debug|x64 = Debug|x64
		Debug|x86 = Debug|x86
		Release|Any CPU = Release|Any CPU
		Release|x64 = Release|x64
		Release|x86 = Release|x86
	EndGlobalSection
	GlobalSection(SolutionProperties) = preSolution
		HideSolutionNode = FALSE
	EndGlobalSection
	GlobalSection(ProjectConfigurationPlatforms) = postSolution
		{51907C82-2C65-4363-A2D5-E0F6AEDBFD01}.Debug|Any CPU.ActiveCfg = Debug|Any CPU
		{51907C82-2C65-4363-A2D5-E0F6AEDBFD01}.Debug|Any CPU.Build.0 = Debug|Any CPU
		{51907C82-2C65-4363-A2D5-E0F6AEDBFD01}.Debug|x64.ActiveCfg = Debug|Any CPU
		{51907C82-2C65-4363-A2D5-E0F6AEDBFD01}.Debug|x64.Build.0 = Debug|Any CPU
		{51907C82-2C65-4363-A2D5-E0F6AEDBFD01}.Debug|x86.ActiveCfg = Debug|Any CPU
		{51907C82-2C65-4363-A2D5-E0F6AEDBFD01}.Debug|x86.Build.0 = Debug|Any CPU
		{51907C82-2C65-4363-A2D5-E0F6AEDBFD01}.Release|Any CPU.ActiveCfg = Release|Any CPU
		{51907C82-2C65-4363-A2D5-E0F6AEDBFD01}.Release|Any CPU.Build.0 = Release|Any CPU
		{51907C82-2C65-4363-A2D5-E0F6AEDBFD01}.Release|x64.ActiveCfg = Release|Any CPU
		{51907C82-2C65-4363-A2D5-E0F6AEDBFD01}.Release|x64.Build.0 = Release|Any CPU
		{51907C82-2C65-4363-A2D5-E0F6AEDBFD01}.Release|x86.ActiveCfg = Release|Any CPU
		{51907C82-2C65-4363-A2D5-E0F6AEDBFD01}.Release|x86.Build.0 = Release|Any CPU
		{3CCE1B9A-62FD-41D2-8477-2A4EF0FE21E4}.Debug|Any CPU.ActiveCfg = Debug|Any CPU
		{3CCE1B9A-62FD-41D2-8477-2A4EF0FE21E4}.Debug|Any CPU.Build.0 = Debug|Any CPU
		{3CCE1B9A-62FD-41D2-8477-2A4EF0FE21E4}.Debug|x64.ActiveCfg = Debug|Any CPU
		{3CCE1B9A-62FD-41D2-8477-2A4EF0FE21E4}.Debug|x64.Build.0 = Debug|Any CPU
		{3CCE1B9A-62FD-41D2-8477-2A4EF0FE21E4}.Debug|x86.ActiveCfg = Debug|Any CPU
		{3CCE1B9A-62FD-41D2-8477-2A4EF0FE21E4}.Debug|x86.Build.0 = Debug|Any CPU
		{3CCE1B9A-62FD-41D2-8477-2A4EF0FE21E4}.Release|Any CPU.ActiveCfg = Release|Any CPU
		{3CCE1B9A-62FD-41D2-8477-2A4EF0FE21E4}.Release|Any CPU.Build.0 = Release|Any CPU
		{3CCE1B9A-62FD-41D2-8477-2A4EF0FE21E4}.Release|x64.ActiveCfg = Release|Any CPU
		{3CCE1B9A-62FD-41D2-8477-2A4EF0FE21E4}.Release|x64.Build.0 = Release|Any CPU
		{3CCE1B9A-62FD-41D2-8477-2A4EF0FE21E4}.Release|x86.ActiveCfg = Release|Any CPU
		{3CCE1B9A-62FD-41D2-8477-2A4EF0FE21E4}.Release|x86.Build.0 = Release|Any CPU
		{51CAF1CF-796C-4914-90AA-ED82CDE3B47B}.Debug|Any CPU.ActiveCfg = Debug|Any CPU
		{51CAF1CF-796C-4914-90AA-ED82CDE3B47B}.Debug|Any CPU.Build.0 = Debug|Any CPU
		{51CAF1CF-796C-4914-90AA-ED82CDE3B47B}.Debug|x64.ActiveCfg = Debug|Any CPU
		{51CAF1CF-796C-4914-90AA-ED82CDE3B47B}.Debug|x64.Build.0 = Debug|Any CPU
		{51CAF1CF-796C-4914-90AA-ED82CDE3B47B}.Debug|x86.ActiveCfg = Debug|Any CPU
		{51CAF1CF-796C-4914-90AA-ED82CDE3B47B}.Debug|x86.Build.0 = Debug|Any CPU
		{51CAF1CF-796C-4914-90AA-ED82CDE3B47B}.Release|Any CPU.ActiveCfg = Release|Any CPU
		{51CAF1CF-796C-4914-90AA-ED82CDE3B47B}.Release|Any CPU.Build.0 = Release|Any CPU
		{51CAF1CF-796C-4914-90AA-ED82CDE3B47B}.Release|x64.ActiveCfg = Release|Any CPU
		{51CAF1CF-796C-4914-90AA-ED82CDE3B47B}.Release|x64.Build.0 = Release|Any CPU
		{51CAF1CF-796C-4914-90AA-ED82CDE3B47B}.Release|x86.ActiveCfg = Release|Any CPU
		{51CAF1CF-796C-4914-90AA-ED82CDE3B47B}.Release|x86.Build.0 = Release|Any CPU
		{7E9FD636-AF22-4443-A6EA-CF40BE02BE6E}.Debug|Any CPU.ActiveCfg = Debug|Any CPU
		{7E9FD636-AF22-4443-A6EA-CF40BE02BE6E}.Debug|Any CPU.Build.0 = Debug|Any CPU
		{7E9FD636-AF22-4443-A6EA-CF40BE02BE6E}.Debug|x64.ActiveCfg = Debug|Any CPU
		{7E9FD636-AF22-4443-A6EA-CF40BE02BE6E}.Debug|x64.Build.0 = Debug|Any CPU
		{7E9FD636-AF22-4443-A6EA-CF40BE02BE6E}.Debug|x86.ActiveCfg = Debug|Any CPU
		{7E9FD636-AF22-4443-A6EA-CF40BE02BE6E}.Debug|x86.Build.0 = Debug|Any CPU
		{7E9FD636-AF22-4443-A6EA-CF40BE02BE6E}.Release|Any CPU.ActiveCfg = Release|Any CPU
		{7E9FD636-AF22-4443-A6EA-CF40BE02BE6E}.Release|Any CPU.Build.0 = Release|Any CPU
		{7E9FD636-AF22-4443-A6EA-CF40BE02BE6E}.Release|x64.ActiveCfg = Release|Any CPU
		{7E9FD636-AF22-4443-A6EA-CF40BE02BE6E}.Release|x64.Build.0 = Release|Any CPU
		{7E9FD636-AF22-4443-A6EA-CF40BE02BE6E}.Release|x86.ActiveCfg = Release|Any CPU
		{7E9FD636-AF22-4443-A6EA-CF40BE02BE6E}.Release|x86.Build.0 = Release|Any CPU
	EndGlobalSection
EndGlobal
